
Microsoft Visual Studio Solution File, Format Version 12.00
# Visual Studio Version 17
VisualStudioVersion = 17.8.34525.116
MinimumVisualStudioVersion = 10.0.40219.1
Project("{FAE04EC0-301F-11D3-BF4B-00C04F79EFBC}") = "WAD14118.API", "WAD14118.API\WAD14118.API.csproj", "{46352477-1C4C-49D1-8117-F0B26ECDA56E}"
EndProject
Global
	GlobalSection(SolutionConfigurationPlatforms) = preSolution
		Debug|Any CPU = Debug|Any CPU
		Release|Any CPU = Release|Any CPU
	EndGlobalSection
	GlobalSection(ProjectConfigurationPlatforms) = postSolution
		{46352477-1C4C-49D1-8117-F0B26ECDA56E}.Debug|Any CPU.ActiveCfg = Debug|Any CPU
		{46352477-1C4C-49D1-8117-F0B26ECDA56E}.Debug|Any CPU.Build.0 = Debug|Any CPU
		{46352477-1C4C-49D1-8117-F0B26ECDA56E}.Release|Any CPU.ActiveCfg = Release|Any CPU
		{46352477-1C4C-49D1-8117-F0B26ECDA56E}.Release|Any CPU.Build.0 = Release|Any CPU
	EndGlobalSection
	GlobalSection(SolutionProperties) = preSolution
		HideSolutionNode = FALSE
	EndGlobalSection
	GlobalSection(ExtensibilityGlobals) = postSolution
		SolutionGuid = {AC7E9445-93B0-4A0C-A262-489C55DF851B}
	EndGlobalSection
EndGlobal
